
Microsoft Visual Studio Solution File, Format Version 12.00
# Visual Studio Version 17
VisualStudioVersion = 17.4.33213.308
MinimumVisualStudioVersion = 10.0.40219.1
Project("{9A19103F-16F7-4668-BE54-9A1E7A4F7556}") = "LogistikFleetController", "LogistikFleetController\LogistikFleetController.csproj", "{A52730E8-53DD-4A1D-8BA9-95013481FA01}"
EndProject
Project("{9A19103F-16F7-4668-BE54-9A1E7A4F7556}") = "LogistikFleetModel", "LogistikFleetModel\LogistikFleetModel.csproj", "{B08C3F48-B24B-4A70-A2BC-E2D6FEE00937}"
EndProject
Project("{9A19103F-16F7-4668-BE54-9A1E7A4F7556}") = "LogistikFleetServices", "LogistikFleetServices\LogistikFleetServices.csproj", "{56264E40-7568-487B-BE88-AD9E9B3A9F9D}"
EndProject
Project("{9A19103F-16F7-4668-BE54-9A1E7A4F7556}") = "LogistikFleet", "LogistikFleet\LogistikFleet\LogistikFleet.csproj", "{C0EC9CEF-AF40-4028-AA4A-965387673218}"
EndProject
Project("{FAE04EC0-301F-11D3-BF4B-00C04F79EFBC}") = "LogistikFleet.Android", "LogistikFleet\LogistikFleet.Android\LogistikFleet.Android.csproj", "{C2C2E981-45B2-42E1-9525-D62608C34407}"
EndProject
Project("{FAE04EC0-301F-11D3-BF4B-00C04F79EFBC}") = "LogistikFleet.iOS", "LogistikFleet\LogistikFleet.iOS\LogistikFleet.iOS.csproj", "{05747D74-CCD9-47D2-9063-96C9A38E2D54}"
EndProject
Global
	GlobalSection(SolutionConfigurationPlatforms) = preSolution
		Debug|Any CPU = Debug|Any CPU
		Debug|iPhone = Debug|iPhone
		Debug|iPhoneSimulator = Debug|iPhoneSimulator
		Release|Any CPU = Release|Any CPU
		Release|iPhone = Release|iPhone
		Release|iPhoneSimulator = Release|iPhoneSimulator
	EndGlobalSection
	GlobalSection(ProjectConfigurationPlatforms) = postSolution
		{A52730E8-53DD-4A1D-8BA9-95013481FA01}.Debug|Any CPU.ActiveCfg = Debug|Any CPU
		{A52730E8-53DD-4A1D-8BA9-95013481FA01}.Debug|Any CPU.Build.0 = Debug|Any CPU
		{A52730E8-53DD-4A1D-8BA9-95013481FA01}.Debug|iPhone.ActiveCfg = Debug|Any CPU
		{A52730E8-53DD-4A1D-8BA9-95013481FA01}.Debug|iPhone.Build.0 = Debug|Any CPU
		{A52730E8-53DD-4A1D-8BA9-95013481FA01}.Debug|iPhoneSimulator.ActiveCfg = Debug|Any CPU
		{A52730E8-53DD-4A1D-8BA9-95013481FA01}.Debug|iPhoneSimulator.Build.0 = Debug|Any CPU
		{A52730E8-53DD-4A1D-8BA9-95013481FA01}.Release|Any CPU.ActiveCfg = Release|Any CPU
		{A52730E8-53DD-4A1D-8BA9-95013481FA01}.Release|Any CPU.Build.0 = Release|Any CPU
		{A52730E8-53DD-4A1D-8BA9-95013481FA01}.Release|iPhone.ActiveCfg = Release|Any CPU
		{A52730E8-53DD-4A1D-8BA9-95013481FA01}.Release|iPhone.Build.0 = Release|Any CPU
		{A52730E8-53DD-4A1D-8BA9-95013481FA01}.Release|iPhoneSimulator.ActiveCfg = Release|Any CPU
		{A52730E8-53DD-4A1D-8BA9-95013481FA01}.Release|iPhoneSimulator.Build.0 = Release|Any CPU
		{B08C3F48-B24B-4A70-A2BC-E2D6FEE00937}.Debug|Any CPU.ActiveCfg = Debug|Any CPU
		{B08C3F48-B24B-4A70-A2BC-E2D6FEE00937}.Debug|Any CPU.Build.0 = Debug|Any CPU
		{B08C3F48-B24B-4A70-A2BC-E2D6FEE00937}.Debug|iPhone.ActiveCfg = Debug|Any CPU
		{B08C3F48-B24B-4A70-A2BC-E2D6FEE00937}.Debug|iPhone.Build.0 = Debug|Any CPU
		{B08C3F48-B24B-4A70-A2BC-E2D6FEE00937}.Debug|iPhoneSimulator.ActiveCfg = Debug|Any CPU
		{B08C3F48-B24B-4A70-A2BC-E2D6FEE00937}.Debug|iPhoneSimulator.Build.0 = Debug|Any CPU
		{B08C3F48-B24B-4A70-A2BC-E2D6FEE00937}.Release|Any CPU.ActiveCfg = Release|Any CPU
		{B08C3F48-B24B-4A70-A2BC-E2D6FEE00937}.Release|Any CPU.Build.0 = Release|Any CPU
		{B08C3F48-B24B-4A70-A2BC-E2D6FEE00937}.Release|iPhone.ActiveCfg = Release|Any CPU
		{B08C3F48-B24B-4A70-A2BC-E2D6FEE00937}.Release|iPhone.Build.0 = Release|Any CPU
		{B08C3F48-B24B-4A70-A2BC-E2D6FEE00937}.Release|iPhoneSimulator.ActiveCfg = Release|Any CPU
		{B08C3F48-B24B-4A70-A2BC-E2D6FEE00937}.Release|iPhoneSimulator.Build.0 = Release|Any CPU
		{56264E40-7568-487B-BE88-AD9E9B3A9F9D}.Debug|Any CPU.ActiveCfg = Debug|Any CPU
		{56264E40-7568-487B-BE88-AD9E9B3A9F9D}.Debug|Any CPU.Build.0 = Debug|Any CPU
		{56264E40-7568-487B-BE88-AD9E9B3A9F9D}.Debug|iPhone.ActiveCfg = Debug|Any CPU
		{56264E40-7568-487B-BE88-AD9E9B3A9F9D}.Debug|iPhone.Build.0 = Debug|Any CPU
		{56264E40-7568-487B-BE88-AD9E9B3A9F9D}.Debug|iPhoneSimulator.ActiveCfg = Debug|Any CPU
		{56264E40-7568-487B-BE88-AD9E9B3A9F9D}.Debug|iPhoneSimulator.Build.0 = Debug|Any CPU
		{56264E40-7568-487B-BE88-AD9E9B3A9F9D}.Release|Any CPU.ActiveCfg = Release|Any CPU
		{56264E40-7568-487B-BE88-AD9E9B3A9F9D}.Release|Any CPU.Build.0 = Release|Any CPU
		{56264E40-7568-487B-BE88-AD9E9B3A9F9D}.Release|iPhone.ActiveCfg = Release|Any CPU
		{56264E40-7568-487B-BE88-AD9E9B3A9F9D}.Release|iPhone.Build.0 = Release|Any CPU
		{56264E40-7568-487B-BE88-AD9E9B3A9F9D}.Release|iPhoneSimulator.ActiveCfg = Release|Any CPU
		{56264E40-7568-487B-BE88-AD9E9B3A9F9D}.Release|iPhoneSimulator.Build.0 = Release|Any CPU
		{C0EC9CEF-AF40-4028-AA4A-965387673218}.Debug|Any CPU.ActiveCfg = Debug|Any CPU
		{C0EC9CEF-AF40-4028-AA4A-965387673218}.Debug|Any CPU.Build.0 = Debug|Any CPU
		{C0EC9CEF-AF40-4028-AA4A-965387673218}.Debug|iPhone.ActiveCfg = Debug|Any CPU
		{C0EC9CEF-AF40-4028-AA4A-965387673218}.Debug|iPhone.Build.0 = Debug|Any CPU
		{C0EC9CEF-AF40-4028-AA4A-965387673218}.Debug|iPhoneSimulator.ActiveCfg = Debug|Any CPU
		{C0EC9CEF-AF40-4028-AA4A-965387673218}.Debug|iPhoneSimulator.Build.0 = Debug|Any CPU
		{C0EC9CEF-AF40-4028-AA4A-965387673218}.Release|Any CPU.ActiveCfg = Release|Any CPU
		{C0EC9CEF-AF40-4028-AA4A-965387673218}.Release|Any CPU.Build.0 = Release|Any CPU
		{C0EC9CEF-AF40-4028-AA4A-965387673218}.Release|iPhone.ActiveCfg = Release|Any CPU
		{C0EC9CEF-AF40-4028-AA4A-965387673218}.Release|iPhone.Build.0 = Release|Any CPU
		{C0EC9CEF-AF40-4028-AA4A-965387673218}.Release|iPhoneSimulator.ActiveCfg = Release|Any CPU
		{C0EC9CEF-AF40-4028-AA4A-965387673218}.Release|iPhoneSimulator.Build.0 = Release|Any CPU
		{C2C2E981-45B2-42E1-9525-D62608C34407}.Debug|Any CPU.ActiveCfg = Debug|Any CPU
		{C2C2E981-45B2-42E1-9525-D62608C34407}.Debug|Any CPU.Build.0 = Debug|Any CPU
		{C2C2E981-45B2-42E1-9525-D62608C34407}.Debug|Any CPU.Deploy.0 = Debug|Any CPU
		{C2C2E981-45B2-42E1-9525-D62608C34407}.Debug|iPhone.ActiveCfg = Debug|Any CPU
		{C2C2E981-45B2-42E1-9525-D62608C34407}.Debug|iPhone.Build.0 = Debug|Any CPU
		{C2C2E981-45B2-42E1-9525-D62608C34407}.Debug|iPhone.Deploy.0 = Debug|Any CPU
		{C2C2E981-45B2-42E1-9525-D62608C34407}.Debug|iPhoneSimulator.ActiveCfg = Debug|Any CPU
		{C2C2E981-45B2-42E1-9525-D62608C34407}.Debug|iPhoneSimulator.Build.0 = Debug|Any CPU
		{C2C2E981-45B2-42E1-9525-D62608C34407}.Debug|iPhoneSimulator.Deploy.0 = Debug|Any CPU
		{C2C2E981-45B2-42E1-9525-D62608C34407}.Release|Any CPU.ActiveCfg = Release|Any CPU
		{C2C2E981-45B2-42E1-9525-D62608C34407}.Release|Any CPU.Build.0 = Release|Any CPU
		{C2C2E981-45B2-42E1-9525-D62608C34407}.Release|Any CPU.Deploy.0 = Release|Any CPU
		{C2C2E981-45B2-42E1-9525-D62608C34407}.Release|iPhone.ActiveCfg = Release|Any CPU
		{C2C2E981-45B2-42E1-9525-D62608C34407}.Release|iPhone.Build.0 = Release|Any CPU
		{C2C2E981-45B2-42E1-9525-D62608C34407}.Release|iPhone.Deploy.0 = Release|Any CPU
		{C2C2E981-45B2-42E1-9525-D62608C34407}.Release|iPhoneSimulator.ActiveCfg = Release|Any CPU
		{C2C2E981-45B2-42E1-9525-D62608C34407}.Release|iPhoneSimulator.Build.0 = Release|Any CPU
		{C2C2E981-45B2-42E1-9525-D62608C34407}.Release|iPhoneSimulator.Deploy.0 = Release|Any CPU
		{05747D74-CCD9-47D2-9063-96C9A38E2D54}.Debug|Any CPU.ActiveCfg = Debug|iPhoneSimulator
		{05747D74-CCD9-47D2-9063-96C9A38E2D54}.Debug|Any CPU.Build.0 = Debug|iPhoneSimulator
		{05747D74-CCD9-47D2-9063-96C9A38E2D54}.Debug|iPhone.ActiveCfg = Debug|iPhone
		{05747D74-CCD9-47D2-9063-96C9A38E2D54}.Debug|iPhone.Build.0 = Debug|iPhone
		{05747D74-CCD9-47D2-9063-96C9A38E2D54}.Debug|iPhoneSimulator.ActiveCfg = Debug|iPhoneSimulator
		{05747D74-CCD9-47D2-9063-96C9A38E2D54}.Debug|iPhoneSimulator.Build.0 = Debug|iPhoneSimulator
		{05747D74-CCD9-47D2-9063-96C9A38E2D54}.Release|Any CPU.ActiveCfg = Release|iPhoneSimulator
		{05747D74-CCD9-47D2-9063-96C9A38E2D54}.Release|Any CPU.Build.0 = Release|iPhoneSimulator
		{05747D74-CCD9-47D2-9063-96C9A38E2D54}.Release|iPhone.ActiveCfg = Release|iPhone
		{05747D74-CCD9-47D2-9063-96C9A38E2D54}.Release|iPhone.Build.0 = Release|iPhone
		{05747D74-CCD9-47D2-9063-96C9A38E2D54}.Release|iPhoneSimulator.ActiveCfg = Release|iPhoneSimulator
		{05747D74-CCD9-47D2-9063-96C9A38E2D54}.Release|iPhoneSimulator.Build.0 = Release|iPhoneSimulator
	EndGlobalSection
	GlobalSection(SolutionProperties) = preSolution
		HideSolutionNode = FALSE
	EndGlobalSection
	GlobalSection(ExtensibilityGlobals) = postSolution
		SolutionGuid = {699013E8-F13B-45C4-9FC4-0406F5EC4BA4}
	EndGlobalSection
EndGlobal
